cloud.google.com/go v0.26.0/go.mod h1:aQUYkXzVsufM+DwF1aE+0xfcU+56JwCaLick0ClmMTw=
git.schwanenlied.me/yawning/bsaes.git v0.0.0-20180720073208-c0276d75487e h1:F2x1bq7RaNCIuqYpswggh1+c1JmwdnkHNC9wy1KDip0=
git.schwanenlied.me/yawning/bsaes.git v0.0.0-20180720073208-c0276d75487e/go.mod h1:BWqTsj8PgcPriQJGl7el20J/7TuT1d/hSyFDXMEpoEo=
github.com/NebulousLabs/fastrand v0.0.0-20180208210444-3cf7173006a0 h1:g/ETZwHx5wN2fqKWS3gCUrEU7dLko+DvVs3hakQCfyE=
github.com/NebulousLabs/fastrand v0.0.0-20180208210444-3cf7173006a0/go.mod h1:Bdzq+51GR4/0DIhaICZEOm+OHvXGwwB2trKZ8B4Y6eQ=
github.com/NebulousLabs/go-upnp v0.0.0-20180202185039-29b680b06c82 h1:MG93+PZYs9PyEsj/n5/haQu2gK0h4tUtSy9ejtMwWa0=
github.com/NebulousLabs/go-upnp v0.0.0-20180202185039-29b680b06c82/go.mod h1:GbuBk21JqF+driLX3XtJYNZjGa45YDoa9IqCTzNSfEc=
github.com/Yawning/aez v0.0.0-20180114000226-4dad034d9db2 h1:2be4ykKKov3M1yISM2E8gnGXZ/N2SsPawfnGiXxaYEU=
github.com/Yawning/aez v0.0.0-20180114000226-4dad034d9db2/go.mod h1:9pIqrY6SXNL8vjRQE5Hd/OL5GyK/9MrGUWs87z/eFfk=
github.com/aead/chacha20 v0.0.0-20180709150244-8b13a72661da h1:KjTM2ks9d14ZYCvmHS9iAKVt9AyzRSqNU1qabPih5BY=
github.com/aead/chacha20 v0.0.0-20180709150244-8b13a72661da/go.mod h1:eHEWzANqSiWQsof+nXEI9bUVUyV6F53Fp89EuCh2EAA=
github.com/aead/siphash v1.0.1 h1:FwHfE/T45KPKYuuSAKyyvE+oPWcaQ+CUmFW0bPlM+kg=
github.com/aead/siphash v1.0.1/go.mod h1:Nywa3cDsYNNK3gaciGTWPwHt0wlpNV15vwmswBAUSII=
github.com/boltdb/bolt v1.3.1 h1:JQmyP4ZBrce+ZQu0dY660FMfatumYDLun9hBCUVIkF4=
github.com/boltdb/bolt v1.3.1/go.mod h1:clJnj/oiGkjum5o1McbSZDSLxVThjynRyGBgiAx27Ps=
github.com/breez/btcd v0.0.0-20181025150601-acccfea9669b h1:+CeOqbDAEFAnCQpKm4Hmq4jgjkL1ylMa6UX99Jbvi/I=
github.com/breez/btcd v0.0.0-20181025150601-acccfea9669b/go.mod h1:sIybN7Ago86gMPwn0ehML0Fa5br5InqD2P4b+C/Ofog=
github.com/breez/btcd v0.0.0-20190217135408-786ef411fa65 h1:+zqOIPPCqy4p1SIisb6+CJ30FedaYn9SH/L4qUZdVJs=
github.com/breez/btcd v0.0.0-20190217135408-786ef411fa65/go.mod h1:d3C0AkH6BRcvO8T0UEPu53cnw4IbV63x1bEjildYhO0=
github.com/breez/btcwallet v0.0.0-20181125122430-d942b679e4d4 h1:QGx0mD6j+HIXj02XCHk5GyoSA5pe8E8mfBj16V0e6RQ=
github.com/breez/btcwallet v0.0.0-20181125122430-d942b679e4d4/go.mod h1:Sxi9czQ0paWQSTFAa8jz0DYr+nvMM65bhaNZmZiD3O8=
github.com/breez/btcwallet v0.0.0-20190217125204-7c7100b2373d h1:M0H9yvoOH4XvAnpW/3g1CbVCGje5dgSyyh/hX5M4xCU=
github.com/breez/btcwallet v0.0.0-20190217125204-7c7100b2373d/go.mod h1:+u1ftn+QOb9qHKwsLf7rBOr0PHCo9CGA7U1WFq7VLA4=
github.com/breez/btcwallet v0.0.0-20190217161832-505bba602ae1 h1:5D5RUoEDStpunagCq94jhoxWYUkcv5r9Bc0Pp3Ij1Lc=
github.com/breez/btcwallet v0.0.0-20190217161832-505bba602ae1/go.mod h1:+u1ftn+QOb9qHKwsLf7rBOr0PHCo9CGA7U1WFq7VLA4=
github.com/breez/btcwallet v0.0.0-20190303130849-eba47a0b4881 h1:xLe5nuFLrmVgqIbRlUWVZDk0aRfAmL7Jnzqh6+f0DZI=
github.com/breez/btcwallet v0.0.0-20190303130849-eba47a0b4881/go.mod h1:+u1ftn+QOb9qHKwsLf7rBOr0PHCo9CGA7U1WFq7VLA4=
github.com/breez/btcwallet v0.0.0-20190519141147-6e346e0d73cf h1:s9CfqeaqutGzHA+BcpQKI9v9WC24SlGdtpHWisbUY7U=
github.com/breez/btcwallet v0.0.0-20190519141147-6e346e0d73cf/go.mod h1:qMi4jGpAO6YRsd81RYDG7o5pBIGqN9faCioJdagLu64=
github.com/breez/neutrino v0.0.0-20190217133150-08c3c9e7d6d5 h1:2vt1zdnrW+Oyp1VEJ/X9g+hJN4hT0tfE6Gtf2hc0Qwg=
github.com/breez/neutrino v0.0.0-20190217133150-08c3c9e7d6d5/go.mod h1:aR+E6cs+FTaIwIa/WLyvNsB8FZg8TiP3r0Led+4Q4gI=
github.com/breez/neutrino v0.0.0-20190519180340-4f9600bffdb7 h1:+W76e3txsCvmaESthYeFMbLQu58pybnId6nfXQCOEPs=
github.com/breez/neutrino v0.0.0-20190519180340-4f9600bffdb7/go.mod h1:/XWY/6/btfsknUpLPV8vvIZyhod61zYaUJiE8HxsFUs=
github.com/btcsuite/btcd v0.0.0-20180823030728-d81d8877b8f3/go.mod h1:Dmm/EzmjnCiweXmzRIAiUWCInVmPgjkzgv5k4tVyXiQ=
github.com/btcsuite/btcd v0.0.0-20180824064422-ed77733ec07dfc8a513741138419b8d9d3de9d2d h1:JyAoNOSAG3StMRTiI8M5ReA70DEWoTGb/tuaxYdFWGU=
github.com/btcsuite/btcd v0.0.0-20180824064422-ed77733ec07dfc8a513741138419b8d9d3de9d2d/go.mod h1:d3C0AkH6BRcvO8T0UEPu53cnw4IbV63x1bEjildYhO0=
github.com/btcsuite/btcd v0.0.0-20181130015935-7d2daa5bfef2/go.mod h1:Jr9bmNVGZ7TH2Ux1QuP0ec+yGgh0gE9FIlkzQiI5bR0=
github.com/btcsuite/btcd v0.0.0-20181130015935-7d2daa5bfef2/go.mod h1:Jr9bmNVGZ7TH2Ux1QuP0ec+yGgh0gE9FIlkzQiI5bR0=
github.com/btcsuite/btcd v0.0.0-20190115013929-ed77733ec07d h1:xG8Pj6Y6J760xwETNmMzmlt38QSwz0BLp1cZ09g27uw=
github.com/btcsuite/btcd v0.0.0-20190115013929-ed77733ec07d/go.mod h1:d3C0AkH6BRcvO8T0UEPu53cnw4IbV63x1bEjildYhO0=
github.com/btcsuite/btcd v0.0.0-20190213025234-306aecffea32 h1:qkOC5Gd33k54tobS36cXdAzJbeHaduLtnLQQwNoIi78=
github.com/btcsuite/btcd v0.0.0-20190213025234-306aecffea32/go.mod h1:DrZx5ec/dmnfpw9KyYoQyYo7d0KEvTkk/5M/vbZjAr8=
github.com/btcsuite/btcd v0.0.0-20190426011420-63f50db2f70a h1:wH5Nq2kt+BdVJhVyYZD54lHQpz95mog0Z7r1h638TY4=
github.com/btcsuite/btcd v0.0.0-20190426011420-63f50db2f70a/go.mod h1:3J08xEfcugPacsc34/LKRU2yO7YmuT8yt28J8k2+rrI=
github.com/btcsuite/btclog v0.0.0-20170628155309-84c8d2346e9f h1:bAs4lUbRJpnnkd9VhRV3jjAVU7DJVjMaK+IsvSeZvFo=
github.com/btcsuite/btclog v0.0.0-20170628155309-84c8d2346e9f/go.mod h1:TdznJufoqS23FtqVCzL0ZqgP5MqXbb4fg/WgDys70nA=
github.com/btcsuite/btcutil v0.0.0-20180706230648-ab6388e0c60a h1:RQMUrEILyYJEoAT34XS/kLu40vC0+po/UfxrBBA4qZE=
github.com/btcsuite/btcutil v0.0.0-20180706230648-ab6388e0c60a/go.mod h1:+5NJ2+qvTyV9exUAL/rxXi3DcLg2Ts+ymUAY5y4NvMg=
github.com/btcsuite/btcutil v0.0.0-20190112041146-bf1e1be93589 h1:9A5pe5iQS+ll6R1EVLFv/y92IjrymihwITCU81aCIBQ=
github.com/btcsuite/btcutil v0.0.0-20190112041146-bf1e1be93589/go.mod h1:+5NJ2+qvTyV9exUAL/rxXi3DcLg2Ts+ymUAY5y4NvMg=
github.com/btcsuite/btcutil v0.0.0-20190207003914-4c204d697803/go.mod h1:+5NJ2+qvTyV9exUAL/rxXi3DcLg2Ts+ymUAY5y4NvMg=
github.com/btcsuite/btcutil v0.0.0-20190425235716-9e5f4b9a998d h1:yJzD/yFppdVCf6ApMkVy8cUxV0XrxdP9rVf6D87/Mng=
github.com/btcsuite/btcutil v0.0.0-20190425235716-9e5f4b9a998d/go.mod h1:+5NJ2+qvTyV9exUAL/rxXi3DcLg2Ts+ymUAY5y4NvMg=
github.com/btcsuite/btcwallet v0.0.0-20180904010540-284e2e0e696e33d5be388f7f3d9a26db703e0c06/go.mod h1:/d7QHZsfUAruXuBhyPITqoYOmJ+nq35qPsJjz/aSpCg=
github.com/btcsuite/btcwallet v0.0.0-20190313032608-acf3b04b0273/go.mod h1:mkOYY8/psBiL5E+Wb0V7M0o+N7NXi2SZJz6+RKkncIc=
github.com/btcsuite/btcwallet v0.0.0-20190319010515-89ab2044f962 h1:/6EtNbubaGgo10bFyYyE6S6yXfxtc3dxKpvLHxMt5rg=
github.com/btcsuite/btcwallet v0.0.0-20190319010515-89ab2044f962/go.mod h1:qMi4jGpAO6YRsd81RYDG7o5pBIGqN9faCioJdagLu64=
github.com/btcsuite/btcwallet v0.0.0-20190424224017-9d95f76e99a7 h1:zupf4dgBX/sUV87yfKGybaa4sbRn9MElwSSH90EkVwY=
github.com/btcsuite/btcwallet v0.0.0-20190424224017-9d95f76e99a7/go.mod h1:qMi4jGpAO6YRsd81RYDG7o5pBIGqN9faCioJdagLu64=
github.com/btcsuite/fastsha256 v0.0.0-20160815193821-637e65642941 h1:kij1x2aL7VE6gtx8KMIt8PGPgI5GV9LgtHFG5KaEMPY=
github.com/btcsuite/fastsha256 v0.0.0-20160815193821-637e65642941/go.mod h1:QcFA8DZHtuIAdYKCq/BzELOaznRsCvwf4zTPmaYwaig=
github.com/btcsuite/go-flags v0.0.0-20150116065318-6c288d648c1c h1:jYE+0osxEwZMwnJkGJCiQZKLhMFMR6+G8QxtFtL9/Zw=
github.com/btcsuite/go-flags v0.0.0-20150116065318-6c288d648c1c/go.mod h1:FAMFTQ1iW6ewsFxRHGOzmtOgCNMIw1ks4L86fZ3nNaw=
github.com/btcsuite/go-socks v0.0.0-20170105172521-4720035b7bfd h1:R/opQEbFEy9JGkIguV40SvRY1uliPX8ifOvi6ICsFCw=
github.com/btcsuite/go-socks v0.0.0-20170105172521-4720035b7bfd/go.mod h1:HHNXQzUsZCxOoE+CPiyCTO6x34Zs86zZUiwtpXoGdtg=
github.com/btcsuite/golangcrypto v0.0.0-20150304025918-53f62d9b43e8 h1:nOsAWScwueMVk/VLm/dvQQD7DuanyvAUb6B3P3eT274=
github.com/btcsuite/golangcrypto v0.0.0-20150304025918-53f62d9b43e8/go.mod h1:tYvUd8KLhm/oXvUeSEs2VlLghFjQt9+ZaF9ghH0JNjc=
github.com/btcsuite/goleveldb v0.0.0-20160330041536-7834afc9e8cd/go.mod h1:F+uVaaLLH7j4eDXPRvw78tMflu7Ie2bzYOH4Y8rRKBY=
github.com/btcsuite/goleveldb v1.0.0 h1:Tvd0BfvqX9o823q1j2UZ/epQo09eJh6dTcRp79ilIN4=
github.com/btcsuite/goleveldb v1.0.0/go.mod h1:QiK9vBlgftBg6rWQIj6wFzbPfRjiykIEhBH4obrXJ/I=
github.com/btcsuite/seelog v0.0.0-20170620134819-556d4dde7873 h1:SEuNG9I9hgTQ7WBr0WEBCNdRHxF2sb8c4VoOP2wbPGI=
github.com/btcsuite/snappy-go v0.0.0-20151229074030-0bdef8d06723/go.mod h1:8woku9dyThutzjeg+3xrA5iCpBRH8XEEg3lh6TiUghc=
github.com/btcsuite/snappy-go v1.0.0 h1:ZxaA6lo2EpxGddsA8JwWOcxlzRybb444sgmeJQMJGQE=
github.com/btcsuite/snappy-go v1.0.0/go.mod h1:8woku9dyThutzjeg+3xrA5iCpBRH8XEEg3lh6TiUghc=
github.com/btcsuite/websocket v0.0.0-20150119174127-31079b680792 h1:R8vQdOQdZ9Y3SkEwmHoWBmX1DNXhXZqlTpq6s4tyJGc=
github.com/btcsuite/websocket v0.0.0-20150119174127-31079b680792/go.mod h1:ghJtEyQwv5/p4Mg4C0fgbePVuGr935/5ddU9Z3TmDRY=
github.com/btcsuite/winsvc v1.0.0/go.mod h1:jsenWakMcC0zFBFurPLEAyrnc/teJEM1O46fmI40EZs=
github.com/client9/misspell v0.3.4/go.mod h1:qj6jICC3Q7zFZvVWo7KLAzC3yx5G7kyvSDkc90ppPyw=
github.com/codahale/chacha20 v0.0.0-20151107025005-ec07b4f69a3f h1:GnkFLgLBj4MDb+UdR1yFlznatawt2U7tEGF1HCwcMSs=
github.com/codahale/chacha20 v0.0.0-20151107025005-ec07b4f69a3f/go.mod h1:2EU+1emidIWL7uTbVXfPFlgYxYo3TGHz+ElH1Tp5GT0=
github.com/codahale/chacha20poly1305 v0.0.0-20151127064032-f8a5c4830182 h1:x10Jo2fFFjc4D9TLtGayvQd74fgyeAmwAlAWIW8CK2w=
github.com/codahale/chacha20poly1305 v0.0.0-20151127064032-f8a5c4830182/go.mod h1:xvhxzuSU+uMkIOpuaTjst6ZD9tpPWBKp4G1ZNzD/OIw=
github.com/coreos/bbolt v0.0.0-20180223184059-4f5275f4ebbf h1:tJpA9/rXV/dIbGH2eWW6Cptwwz5ax6ft2DAuHR/qfNQ=
github.com/coreos/bbolt v0.0.0-20180223184059-4f5275f4ebbf/go.mod h1:iRUV2dpdMOn7Bo10OQBFzIJO9kkE559Wcmn+qkEiiKk=
github.com/coreos/bbolt v0.0.0-20180223184059-7ee3ded59d4835e10f3e7d0f7603c42aa5e83820/go.mod h1:iRUV2dpdMOn7Bo10OQBFzIJO9kkE559Wcmn+qkEiiKk=
github.com/coreos/bbolt v1.3.2 h1:wZwiHHUieZCquLkDL0B8UhzreNWsPHooDAG3q34zk0s=
github.com/coreos/bbolt v1.3.2/go.mod h1:iRUV2dpdMOn7Bo10OQBFzIJO9kkE559Wcmn+qkEiiKk=
github.com/davecgh/go-spew v0.0.0-20171005155431-ecdeabc65495/go.mod h1:J7Y8YcW2NihsgmVo/mv3lAwl/skON4iLHjSsI+c5H38=
github.com/davecgh/go-spew v0.0.0-20180221232628-8991bc29aa16 h1:HqkufMBR7waVfFFRABWqHa1WgTvjtVDJTLJe3CR576A=
github.com/davecgh/go-spew v0.0.0-20180221232628-8991bc29aa16/go.mod h1:J7Y8YcW2NihsgmVo/mv3lAwl/skON4iLHjSsI+c5H38=
github.com/davecgh/go-spew v1.1.1 h1:vj9j/u1bqnvCEfJOwUhtlOARqs3+rkHYY13jYWTU97c=
github.com/davecgh/go-spew v1.1.1/go.mod h1:J7Y8YcW2NihsgmVo/mv3lAwl/skON4iLHjSsI+c5H38=
github.com/fsnotify/fsnotify v1.4.7/go.mod h1:jwhsz4b93w/PPRr/qN1Yymfu8t87LnFCMoQvtojpjFo=
github.com/go-errors/errors v1.0.1 h1:LUHzmkK3GUKUrL/1gfBUxAHzcev3apQlezX/+O7ma6w=
github.com/go-errors/errors v1.0.1/go.mod h1:f4zRHt4oKfwPJE5k8C9vpYG+aDHdBFUsgrm6/TyX73Q=
github.com/golang/glog v0.0.0-20160126235308-23def4e6c14b h1:VKtxabqXZkF25pY9ekfRL6a582T4P37/31XEstQ5p58=
github.com/golang/glog v0.0.0-20160126235308-23def4e6c14b/go.mod h1:SBH7ygxi8pfUlaOkMMuAQtPIUF8ecWP5IEl/CR7VP2Q=
github.com/golang/lint v0.0.0-20180702182130-06c8688daad7/go.mod h1:tluoj9z5200jBnyusfRPU2LqT6J+DAorxEvtC7LHB+E=
github.com/golang/mock v1.1.1/go.mod h1:oTYuIxOrZwtPieC+H1uAHpcLFnEyAGVDL/k47Jfbm0A=
github.com/golang/protobuf v0.0.0-20180821051752-b27b920f9e71/go.mod h1:6lQm79b+lXiMfvg/cZm0SGofjICqVBUtrP5yJMmIC1U=
github.com/golang/protobuf v1.2.0 h1:P3YflyNX/ehuJFLhxviNdFxQPkGK5cDcApsge1SqnvM=
github.com/golang/protobuf v1.2.0/go.mod h1:6lQm79b+lXiMfvg/cZm0SGofjICqVBUtrP5yJMmIC1U=
github.com/grpc-ecosystem/grpc-gateway v0.0.0-20170724004829-f2862b476edc h1:3NXdOHZ1YlN6SGP3FPbn4k73O2MeEp065abehRwGFxI=
github.com/grpc-ecosystem/grpc-gateway v0.0.0-20170724004829-f2862b476edc/go.mod h1:RSKVYQBd5MCa4OVpNdGskqpgL2+G+NZTnrVHpWWfpdw=
github.com/grpc-ecosystem/grpc-gateway v1.5.1 h1:3scN4iuXkNOyP98jF55Lv8a9j1o/IwvnDIZ0LHJK1nk=
github.com/grpc-ecosystem/grpc-gateway v1.5.1/go.mod h1:RSKVYQBd5MCa4OVpNdGskqpgL2+G+NZTnrVHpWWfpdw=
github.com/howeyc/gopass v0.0.0-20170109162249-bf9dde6d0d2c h1:kQWxfPIHVLbgLzphqk3QUflDy9QdksZR4ygR807bpy0=
github.com/howeyc/gopass v0.0.0-20170109162249-bf9dde6d0d2c/go.mod h1:lADxMC39cJJqL93Duh1xhAs4I2Zs8mKS89XWXFGp9cs=
github.com/hpcloud/tail v1.0.0/go.mod h1:ab1qPbhIpdTxEkNHXyeSf5vhxWSCs/tWer42PpOxQnU=
github.com/jackpal/gateway v1.0.5 h1:qzXWUJfuMdlLMtt0a3Dgt+xkWQiA5itDEITVJtuSwMc=
github.com/jackpal/gateway v1.0.5/go.mod h1:lTpwd4ACLXmpyiCTRtfiNyVnUmqT9RivzCDQetPfnjA=
github.com/jackpal/go-nat-pmp v0.0.0-20170405195558-28a68d0c24ad h1:heFfj7z0pGsNCekUlsFhO2jstxO4b5iQ665LjwM5mDc=
github.com/jackpal/go-nat-pmp v0.0.0-20170405195558-28a68d0c24ad/go.mod h1:QPH045xvCAeXUZOxsnwmrtiCoxIr9eob+4orBN1SBKc=
github.com/jessevdk/go-flags v0.0.0-20141203071132-1679536dcc89/go.mod h1:4FA24M0QyGHXBuZZK/XkWh8h0e1EYbRYJSGM75WSRxI=
github.com/jessevdk/go-flags v0.0.0-20170926144705-f88afde2fa19 h1:k9/LaykApavRKKlaWkunBd48Um+vMxnUNNsIjS7OJn8=
github.com/jessevdk/go-flags v0.0.0-20170926144705-f88afde2fa19/go.mod h1:4FA24M0QyGHXBuZZK/XkWh8h0e1EYbRYJSGM75WSRxI=
github.com/jessevdk/go-flags v1.4.0 h1:4IU2WS7AumrZ/40jfhf4QVDMsQwqA7VEHozFRrGARJA=
github.com/jessevdk/go-flags v1.4.0/go.mod h1:4FA24M0QyGHXBuZZK/XkWh8h0e1EYbRYJSGM75WSRxI=
github.com/jrick/logrotate v1.0.0 h1:lQ1bL/n9mBNeIXoTUoYRlK4dHuNJVofX9oWqBtPnSzI=
github.com/jrick/logrotate v1.0.0/go.mod h1:LNinyqDIJnpAur+b8yyulnQw/wDuN1+BYKlTRt3OuAQ=
github.com/juju/clock v0.0.0-20180808021310-bab88fc67299 h1:K9nBHQ3UNqg/HhZkQnGG2AE4YxDyNmGS9FFT2gGegLQ=
github.com/juju/clock v0.0.0-20180808021310-bab88fc67299/go.mod h1:nD0vlnrUjcjJhqN5WuCWZyzfd5AHZAC9/ajvbSx69xA=
github.com/juju/errors v0.0.0-20180806074554-22422dad46e1 h1:wnhMXidtb70kDZCeLt/EfsVtkXS5c8zLnE9y/6DIRAU=
github.com/juju/errors v0.0.0-20180806074554-22422dad46e1/go.mod h1:W54LbzXuIE0boCoNJfwqpmkKJ1O4TCTZMetAt6jGk7Q=
github.com/juju/errors v0.0.0-20181118221551-089d3ea4e4d5 h1:rhqTjzJlm7EbkELJDKMTU7udov+Se0xZkWmugr6zGok=
github.com/juju/errors v0.0.0-20181118221551-089d3ea4e4d5/go.mod h1:W54LbzXuIE0boCoNJfwqpmkKJ1O4TCTZMetAt6jGk7Q=
github.com/juju/loggo v0.0.0-20180524022052-584905176618 h1:MK144iBQF9hTSwBW/9eJm034bVoG30IshVm688T2hi8=
github.com/juju/loggo v0.0.0-20180524022052-584905176618/go.mod h1:vgyd7OREkbtVEN/8IXZe5Ooef3LQePvuBm9UWj6ZL8U=
github.com/juju/retry v0.0.0-20160928201858-1998d01ba1c3 h1:56R9RckAEUeaptI0yGE8tzNAs3dD6Wf7giI6D51Czx8=
github.com/juju/retry v0.0.0-20160928201858-1998d01ba1c3/go.mod h1:OohPQGsr4pnxwD5YljhQ+TZnuVRYpa5irjugL1Yuif4=
github.com/juju/retry v0.0.0-20180821225755-9058e192b216 h1:/eQL7EJQKFHByJe3DeE8Z36yqManj9UY5zppDoQi4FU=
github.com/juju/retry v0.0.0-20180821225755-9058e192b216/go.mod h1:OohPQGsr4pnxwD5YljhQ+TZnuVRYpa5irjugL1Yuif4=
github.com/juju/testing v0.0.0-20180807044555-c84dd6ba038a h1:dhnWDfRjO/h2XFBj/n3qm+wGjHm8/UqLSOk9GhZc+P0=
github.com/juju/testing v0.0.0-20180807044555-c84dd6ba038a/go.mod h1:63prj8cnj0tU0S9OHjGJn+b1h0ZghCndfnbQolrYTwA=
github.com/juju/testing v0.0.0-20180920084828-472a3e8b2073 h1:WQM1NildKThwdP7qWrNAFGzp4ijNLw8RlgENkaI4MJs=
github.com/juju/testing v0.0.0-20180920084828-472a3e8b2073/go.mod h1:63prj8cnj0tU0S9OHjGJn+b1h0ZghCndfnbQolrYTwA=
github.com/juju/utils v0.0.0-20180808125547-9dfc6dbfb02b h1:nuDUxG8lPFiE1nEw7cJpUBBciNI4hoBOPV+tFn/QZ2w=
github.com/juju/utils v0.0.0-20180808125547-9dfc6dbfb02b/go.mod h1:6/KLg8Wz/y2KVGWEpkK9vMNGkOnu4k/cqs8Z1fKjTOk=
github.com/juju/utils v0.0.0-20180820210520-bf9cc5bdd62d h1:irPlN9z5VCe6BTsqVsxheCZH99OFSmqSVyTigW4mEoY=
github.com/juju/utils v0.0.0-20180820210520-bf9cc5bdd62d/go.mod h1:6/KLg8Wz/y2KVGWEpkK9vMNGkOnu4k/cqs8Z1fKjTOk=
github.com/juju/version v0.0.0-20180108022336-b64dbd566305 h1:lQxPJ1URr2fjsKnJRt/BxiIxjLt9IKGvS+0injMHbag=
github.com/juju/version v0.0.0-20180108022336-b64dbd566305/go.mod h1:kE8gK5X0CImdr7qpSKl3xB2PmpySSmfj7zVbkZFs81U=
github.com/kisielk/gotool v1.0.0/go.mod h1:XhKaO+MFFWcvkIS/tQcRk01m1F5IRFswLeQ+oQHNcck=
github.com/kkdai/bstream v0.0.0-20161212061736-f391b8402d23 h1:FOOIBWrEkLgmlgGfMuZT83xIwfPDxEI2OHu6xUmJMFE=
github.com/kkdai/bstream v0.0.0-20161212061736-f391b8402d23/go.mod h1:J+Gs4SYgM6CZQHDETBtE9HaSEkGmuNXF86RwHhHUvq4=
github.com/kkdai/bstream v0.0.0-20181106074824-b3251f7901ec h1:n1NeQ3SgUHyISrjFFoO5dR748Is8dBL9qpaTNfphQrs=
github.com/kkdai/bstream v0.0.0-20181106074824-b3251f7901ec/go.mod h1:J+Gs4SYgM6CZQHDETBtE9HaSEkGmuNXF86RwHhHUvq4=
github.com/kr/pretty v0.1.0 h1:L/CwN0zerZDmRFUapSPitk6f+Q3+0za1rQkzVuMiMFI=
github.com/kr/pretty v0.1.0/go.mod h1:dAy3ld7l9f0ibDNOQOHHMYYIIbhfbHSm3C4ZsoJORNo=
github.com/kr/pty v1.1.1/go.mod h1:pFQYn66WHrOpPYNljwOMqo10TkYh1fy3cYio2l3bCsQ=
github.com/kr/text v0.1.0 h1:45sCR5RtlFHMR4UwH9sdQ5TC8v0qDQCHnXt+kaKSTVE=
github.com/kr/text v0.1.0/go.mod h1:4Jbv+DJW3UT/LiOwJeYQe1efqtUx/iVham/4vfdArNI=
github.com/lightninglabs/gozmq v0.0.0-20180324010646-462a8a753885 h1:fTLuPUkaKIIV0+gA1IxiBDvDxtF8tzpSF6N6NfFGmsU=
github.com/lightninglabs/gozmq v0.0.0-20180324010646-462a8a753885/go.mod h1:KUh15naRlx/TmUMFS/p4JJrCrE6F7RGF7rsnvuu45E4=
github.com/lightninglabs/neutrino v0.0.0-20181017011010-4d6069299130/go.mod h1:KJq43Fu9ceitbJsSXMILcT4mGDNI/crKmPIkDOZXFyM=
github.com/lightninglabs/neutrino v0.0.0-20181102193151-641af1ca5561 h1:Xi58PB1hIfj5xbUEFYerU14LiBXYdLg5bnUD1OJmH7U=
github.com/lightninglabs/neutrino v0.0.0-20181102193151-641af1ca5561/go.mod h1:KJq43Fu9ceitbJsSXMILcT4mGDNI/crKmPIkDOZXFyM=
github.com/lightninglabs/neutrino v0.0.0-20190115022559-351f5f06c6af h1:JzoYbWqwPb+PARU4LTtlohetdNa6/ocyQ0xidZQw4Hg=
github.com/lightninglabs/neutrino v0.0.0-20190115022559-351f5f06c6af/go.mod h1:aR+E6cs+FTaIwIa/WLyvNsB8FZg8TiP3r0Led+4Q4gI=
github.com/lightninglabs/neutrino v0.0.0-20190213031021-ae4583a89cfb/go.mod h1:g6cMQd+hfAU8pQTJAdjm6/EQREhupyd22f+CL0qYFOE=
github.com/lightninglabs/neutrino v0.0.0-20190313035638-e1ad4c33fb18/go.mod h1:v6tz6jbuAubTrRpX8ke2KH9sJxml8KlPQTKgo9mAp1Q=
github.com/lightninglabs/neutrino v0.0.0-20190426010803-a655679fe131 h1:1qKraSAbJFxd2BUHrxFEswNRav749pt4P37Ez8avbAA=
github.com/lightninglabs/neutrino v0.0.0-20190426010803-a655679fe131/go.mod h1:/XWY/6/btfsknUpLPV8vvIZyhod61zYaUJiE8HxsFUs=
github.com/lightningnetwork/lightning-onion v0.0.0-20190430041606-751fb4dd8b72 h1:KgmypyQfJnEf2vhwboKCtTp4mHxIcLeXPBPWDbPuzFQ=
github.com/lightningnetwork/lightning-onion v0.0.0-20190430041606-751fb4dd8b72/go.mod h1:Sooe/CoCqa85JxqHV+IBR2HW+6t2Cv+36awSmoccswM=
github.com/lightningnetwork/lnd v0.0.2 h1:actrQ68Mrj2atPV7A58FxPzP6Qjwvn0GqkxC9iC0Mlw=
github.com/lightningnetwork/lnd v0.0.2/go.mod h1:wpCSmoRQxoM/vXLtTETeBp08XnB/9/f+sjPvCJZPyA0=
github.com/lightningnetwork/lnd/queue v1.0.1 h1:jzJKcTy3Nj5lQrooJ3aaw9Lau3I0IwvQR5sqtjdv2R0=
github.com/lightningnetwork/lnd/queue v1.0.1/go.mod h1:vaQwexir73flPW43Mrm7JOgJHmcEFBWWSl9HlyASoms=
github.com/lightningnetwork/lnd/ticker v1.0.0 h1:S1b60TEGoTtCe2A0yeB+ecoj/kkS4qpwh6l+AkQEZwU=
github.com/lightningnetwork/lnd/ticker v1.0.0/go.mod h1:iaLXJiVgI1sPANIF2qYYUJXjoksPNvGNYowB8aRbpX0=
github.com/ltcsuite/ltcd v0.0.0-20190101042124-f37f8bf35796 h1:sjOGyegMIhvgfq5oaue6Td+hxZuf3tDC8lAPrFldqFw=
github.com/ltcsuite/ltcd v0.0.0-20190101042124-f37f8bf35796/go.mod h1:3p7ZTf9V1sNPI5H8P3NkTFF4LuwMdPl2DodF60qAKqY=
github.com/ltcsuite/ltcutil v0.0.0-20181217130922-17f3b04680b6/go.mod h1:8Vg/LTOO0KYa/vlHWJ6XZAevPQThGH5sufO0Hrou/lA=
github.com/miekg/dns v0.0.0-20171125082028-79bfde677fa8 h1:PRMAcldsl4mXKJeRNB/KVNz6TlbS6hk2Rs42PqgU3Ws=
github.com/miekg/dns v0.0.0-20171125082028-79bfde677fa8/go.mod h1:W1PPwlIAgtquWBMBEV9nkV9Cazfe8ScdGz/Lj7v3Nrg=
github.com/onsi/ginkgo v1.6.0/go.mod h1:lLunBs/Ym6LB5Z9jYTR76FiuTmxDTDusOGeTQH+WWjE=
github.com/onsi/ginkgo v1.7.0/go.mod h1:lLunBs/Ym6LB5Z9jYTR76FiuTmxDTDusOGeTQH+WWjE=
github.com/onsi/gomega v1.4.1/go.mod h1:C1qb7wdrVGGVU+Z6iS04AVkA3Q65CEZX59MT0QO5uiA=
github.com/onsi/gomega v1.4.3/go.mod h1:ex+gbHU/CVuBBDIJjb2X0qEXbFg53c61hWP/1CpauHY=
github.com/roasbeef/btcd v0.0.0-20180418012700-a03db407e40d h1:3p7ZK0clyDVNQL3a5q4jTaTDv5YzW4AxkdftpBZxsrU=
github.com/roasbeef/btcd v0.0.0-20180418012700-a03db407e40d/go.mod h1:A6JDd1s2zvd0LJNnhvindLqoL7gzisoxi5QlvRH7rmY=
github.com/roasbeef/btcrpcclient v0.0.0-20170622074026-d0f4db8b4dad h1:CUwA46cQ1abMrOc8Qjxfi4VS1rThf+/tpBoMGqQdXxI=
github.com/roasbeef/btcrpcclient v0.0.0-20170622074026-d0f4db8b4dad/go.mod h1:pifwSYHPshWU3rt0bWMWh4pOIIWLs8DBfMhIsXRR9Nc=
github.com/roasbeef/btcutil v0.0.0-20180406014609-dfb640c57141 h1:Ff9AGVuxwGC3rmvHvmfr0sGjB0ybNYMn9TzgdkGbrOg=
github.com/roasbeef/btcutil v0.0.0-20180406014609-dfb640c57141/go.mod h1:rt+VEaQjfoxd3IOujqxoF9v3uy1ygl7Gk8Q5y3Kv+Lw=
github.com/roasbeef/btcwallet v0.0.0-20180426223453-30affec83c18 h1:QxTtAp0pMrokFZSNdlE+mh6JV7kqfwobwiirh4y4Co0=
github.com/roasbeef/btcwallet v0.0.0-20180426223453-30affec83c18/go.mod h1:goBH4LGKmFYicHRfH1xJhWiBZE9mB73fngtZ2hacyCk=
github.com/rogpeppe/fastuuid v0.0.0-20150106093220-6724a57986af h1:gu+uRPtBe88sKxUCEXRoeCvVG90TJmwhiqRpvdhQFng=
github.com/rogpeppe/fastuuid v0.0.0-20150106093220-6724a57986af/go.mod h1:XWv6SoW27p1b0cqNHllgS5HIMJraePCO15w5zCzIWYg=
github.com/tv42/zbase32 v0.0.0-20160707012821-501572607d02 h1:tcJ6OjwOMvExLlzrAVZute09ocAGa7KqOON60++Gz4E=
github.com/tv42/zbase32 v0.0.0-20160707012821-501572607d02/go.mod h1:tHlrkM198S068ZqfrO6S8HsoJq2bF3ETfTL+kt4tInY=
github.com/urfave/cli v1.18.0 h1:m9MfmZWX7bwr9kUcs/Asr95j0IVXzGNNc+/5ku2m26Q=
github.com/urfave/cli v1.18.0/go.mod h1:70zkFmudgCuE/ngEzBv17Jvp/497gISqfk5gWijbERA=
go.etcd.io/bbolt v1.3.0/go.mod h1:IbVyRI1SCnLcuJnV2u8VeU0CEYM7e686BmAb1XKL+uU=
go.etcd.io/bbolt v1.3.2 h1:Z/90sZLPOeCy2PwprqkFa25PdkusRzaj9P8zm/KNyvk=
go.etcd.io/bbolt v1.3.2/go.mod h1:IbVyRI1SCnLcuJnV2u8VeU0CEYM7e686BmAb1XKL+uU=
golang.org/x/crypto v0.0.0-20170930174604-9419663f5a44/go.mod h1:6SG95UA2DQfeDnfUPMdvaQW0Q7yPrPDi9nlGo2tz2b4=
golang.org/x/crypto v0.0.0-20190103213133-ff983b9c42bc/go.mod h1:6SG95UA2DQfeDnfUPMdvaQW0Q7yPrPDi9nlGo2tz2b4=
golang.org/x/crypto v0.0.0-20190211182817-74369b46fc67 h1:ng3VDlRp5/DHpSWl02R4rM9I+8M2rhmsuLwAMmkLQWE=
golang.org/x/crypto v0.0.0-20190211182817-74369b46fc67/go.mod h1:6SG95UA2DQfeDnfUPMdvaQW0Q7yPrPDi9nlGo2tz2b4=
golang.org/x/exp v0.0.0-20190121172915-509febef88a4/go.mod h1:CJ0aWSM057203Lf6IL+f9T1iT9GByDxfZKAQTCR3kQA=
golang.org/x/lint v0.0.0-20180702182130-06c8688daad7/go.mod h1:UVdnD1Gm6xHRNCYTkRU2/jEulfH38KcIWyp/GAMgvoE=
golang.org/x/lint v0.0.0-20181026193005-c67002cb31c3/go.mod h1:UVdnD1Gm6xHRNCYTkRU2/jEulfH38KcIWyp/GAMgvoE=
golang.org/x/net v0.0.0-20180719180050-a680a1efc54d/go.mod h1:mL1N/T3taQHkDXs73rZJwtUhF3w3ftmwwsq0BUmARs4=
golang.org/x/net v0.0.0-20180821023952-922f4815f713/go.mod h1:mL1N/T3taQHkDXs73rZJwtUhF3w3ftmwwsq0BUmARs4=
golang.org/x/net v0.0.0-20180826012351-8a410e7b638d h1:g9qWBGx4puODJTMVyoPrpoxPFgVGd+z1DZwjfRu4d0I=
golang.org/x/net v0.0.0-20180826012351-8a410e7b638d/go.mod h1:mL1N/T3taQHkDXs73rZJwtUhF3w3ftmwwsq0BUmARs4=
golang.org/x/net v0.0.0-20180906233101-161cd47e91fd/go.mod h1:mL1N/T3taQHkDXs73rZJwtUhF3w3ftmwwsq0BUmARs4=
golang.org/x/net v0.0.0-20181106065722-10aee1819953 h1:LuZIitY8waaxUfNIdtajyE/YzA/zyf0YxXG27VpLrkg=
golang.org/x/net v0.0.0-20181106065722-10aee1819953/go.mod h1:mL1N/T3taQHkDXs73rZJwtUhF3w3ftmwwsq0BUmARs4=
golang.org/x/net v0.0.0-20190206173232-65e2d4e15006 h1:bfLnR+k0tq5Lqt6dflRLcZiz6UaXCMt3vhYJ1l4FQ80=
golang.org/x/net v0.0.0-20190206173232-65e2d4e15006/go.mod h1:mL1N/T3taQHkDXs73rZJwtUhF3w3ftmwwsq0BUmARs4=
golang.org/x/oauth2 v0.0.0-20180821212333-d2e6202438be/go.mod h1:N/0e6XlmueqKjAGxoOufVs8QHGRruUQn6yWY3a++T0U=
golang.org/x/sync v0.0.0-20180314180146-1d60e4601c6f/go.mod h1:RxMgew5VJxzue5/jJTE5uejpjVlOe/izrB70Jof72aM=
golang.org/x/sync v0.0.0-20181108010431-42b317875d0f/go.mod h1:RxMgew5VJxzue5/jJTE5uejpjVlOe/izrB70Jof72aM=
golang.org/x/sync v0.0.0-20181221193216-37e7f081c4d4/go.mod h1:RxMgew5VJxzue5/jJTE5uejpjVlOe/izrB70Jof72aM=
golang.org/x/sys v0.0.0-20180821140842-3b58ed4ad339/go.mod h1:STP8DvDyc/dI5b8T5hshtkjS+E42TnysNCUPdjciGhY=
golang.org/x/sys v0.0.0-20180830151530-49385e6e1522/go.mod h1:STP8DvDyc/dI5b8T5hshtkjS+E42TnysNCUPdjciGhY=
golang.org/x/sys v0.0.0-20180909124046-d0be0721c37e/go.mod h1:STP8DvDyc/dI5b8T5hshtkjS+E42TnysNCUPdjciGhY=
golang.org/x/sys v0.0.0-20190102155601-82a175fd1598/go.mod h1:STP8DvDyc/dI5b8T5hshtkjS+E42TnysNCUPdjciGhY=
golang.org/x/sys v0.0.0-20190209173611-3b5209105503 h1:5SvYFrOM3W8Mexn9/oA44Ji7vhXAZQ9hiP+1Q/DMrWg=
golang.org/x/sys v0.0.0-20190209173611-3b5209105503/go.mod h1:STP8DvDyc/dI5b8T5hshtkjS+E42TnysNCUPdjciGhY=
golang.org/x/text v0.3.0 h1:g61tztE5qeGQ89tm6NTjjM9VPIm088od1l6aSorWRWg=
golang.org/x/text v0.3.0/go.mod h1:NqM8EUOU14njkJ3fqMW+pc6Ldnwhi/IjpwHt7yyuwOQ=
golang.org/x/text v0.3.1-0.20180807135948-17ff2d5776d2 h1:z99zHgr7hKfrUcX/KsoJk5FJfjTceCKIp96+biqP4To=
golang.org/x/text v0.3.1-0.20180807135948-17ff2d5776d2/go.mod h1:NqM8EUOU14njkJ3fqMW+pc6Ldnwhi/IjpwHt7yyuwOQ=
golang.org/x/time v0.0.0-20180412165947-fbb02b2291d2 h1:+DCIGbF/swA92ohVg0//6X2IVY3KZs6p9mix0ziNYJM=
golang.org/x/time v0.0.0-20180412165947-fbb02b2291d2/go.mod h1:tRJNPiyCQ0inRvYxbN9jk5I+vvW/OXSQhTDSoE431IQ=
golang.org/x/tools v0.0.0-20180828015842-6cd1fcedba52/go.mod h1:n7NCudcB/nEzxVGmLbDWY5pfWTLqBcC2KZ6jyYvM4mQ=
google.golang.org/appengine v1.1.0/go.mod h1:EbEs0AVv82hx2wNQdGPgUI5lhzA/G0D9YwlJXL52JkM=
google.golang.org/genproto v0.0.0-20180817151627-c66870c02cf8 h1:Nw54tB0rB7hY/N0NQvRW8DG4Yk3Q6T9cu9RcFQDu1tc=
google.golang.org/genproto v0.0.0-20180817151627-c66870c02cf8/go.mod h1:JiN7NxoALGmiZfu7CAH4rXhgtRTLTxftemlI0sWmxmc=
google.golang.org/genproto v0.0.0-20181127195345-31ac5d88444a h1:Weemm+oF2juintSvD0c+ZG4lDmCwgYKrM/kPI6gFINY=
google.golang.org/genproto v0.0.0-20181127195345-31ac5d88444a/go.mod h1:7Ep/1NZk928CDR8SjdVbjWNpdIf6nzjE3BTgJDr2Atg=
google.golang.org/genproto v0.0.0-20190201180003-4b09977fb922 h1:mBVYJnbrXLA/ZCBTCe7PtEgAUP+1bg92qTaFoPHdz+8=
google.golang.org/genproto v0.0.0-20190201180003-4b09977fb922/go.mod h1:L3J43x8/uS+qIUoksaLKe6OS3nUKxOKuIFz1sl2/jx4=
google.golang.org/grpc v1.12.0/go.mod h1:yo6s7OP7yaDglbqo1J04qKzAhqBH6lvTonzMVmEdcZw=
google.golang.org/grpc v1.16.0 h1:dz5IJGuC2BB7qXR5AyHNwAUBhZscK2xVez7mznh72sY=
google.golang.org/grpc v1.16.0/go.mod h1:0JHn/cJsOMiMfNA9+DeHDlAU7KAAB5GDlYFpa9MZMio=
google.golang.org/grpc v1.18.0 h1:IZl7mfBGfbhYx2p2rKRtYgDFw6SBz+kclmxYrCksPPA=
google.golang.org/grpc v1.18.0/go.mod h1:6QZJwpn2B+Zp71q/5VxRsJ6NXXVCE5NRUHRo+f3cWCs=
gopkg.in/check.v1 v0.0.0-20161208181325-20d25e280405/go.mod h1:Co6ibVJAznAaIkqp8huTwlJQCZ016jof/cbN4VW5Yz0=
gopkg.in/check.v1 v1.0.0-20180628173108-788fd7840127 h1:qIbj1fsPNlZgppZ+VLlY7N33q108Sa+fhmuc+sWQYwY=
gopkg.in/check.v1 v1.0.0-20180628173108-788fd7840127/go.mod h1:Co6ibVJAznAaIkqp8huTwlJQCZ016jof/cbN4VW5Yz0=
gopkg.in/errgo.v1 v1.0.0-20180502123906-c17903c6b19d h1:f5uchVxuzWt1/kg5IuBJYy7xquDXPGYp2Cf/AfJw66Q=
gopkg.in/errgo.v1 v1.0.0-20180502123906-c17903c6b19d/go.mod h1:u0ALmqvLRxLI95fkdCEWrE6mhWYZW1aMOJHp5YXLHTg=
gopkg.in/errgo.v1 v1.0.0 h1:n+7XfCyygBFb8sEjg6692xjC6Us50TFRO54+xYUEwjE=
gopkg.in/errgo.v1 v1.0.0/go.mod h1:CxwszS/Xz1C49Ucd2i6Zil5UToP1EmyrFhKaMVbg1mk=
gopkg.in/fsnotify.v1 v1.4.7/go.mod h1:Tz8NjZHkW78fSQdbUxIjBTcgA1z1m8ZHf0WmKUhAMys=
gopkg.in/macaroon-bakery.v2 v2.0.1 h1:0N1TlEdfLP4HXNCg7MQUMp5XwvOoxk+oe9Owr2cpvsc=
gopkg.in/macaroon-bakery.v2 v2.0.1/go.mod h1:B4/T17l+ZWGwxFSZQmlBwp25x+og7OkhETfr3S9MbIA=
gopkg.in/macaroon.v2 v2.0.0 h1:LVWycAfeJBUjCIqfR9gqlo7I8vmiXRr51YEOZ1suop8=
gopkg.in/macaroon.v2 v2.0.0/go.mod h1:+I6LnTMkm/uV5ew/0nsulNjL16SK4+C8yDmRUzHR17I=
gopkg.in/mgo.v2 v2.0.0-20180705113604-9856a29383ce h1:xcEWjVhvbDy+nHP67nPDDpbYrY+ILlfndk4bRioVHaU=
gopkg.in/mgo.v2 v2.0.0-20180705113604-9856a29383ce/go.mod h1:yeKp02qBN3iKW1OzL3MGk2IdtZzaj7SFntXj72NppTA=
gopkg.in/tomb.v1 v1.0.0-20141024135613-dd632973f1e7/go.mod h1:dt/ZhP58zS4L8KSrWDmTeBkI65Dw0HsyUHuEVlX15mw=
gopkg.in/yaml.v2 v2.2.1 h1:mUhvW9EsL+naU5Q3cakzfE91YhliOondGd6ZrsDBHQE=
gopkg.in/yaml.v2 v2.2.1/go.mod h1:hI93XBmqTisBFMUTm0b8Fm+jr3Dg1NNxqwp+5A1VGuI=
gopkg.in/yaml.v2 v2.2.2 h1:ZCJp+EgiOT7lHqUV2J862kp8Qj64Jo6az82+3Td9dZw=
gopkg.in/yaml.v2 v2.2.2/go.mod h1:hI93XBmqTisBFMUTm0b8Fm+jr3Dg1NNxqwp+5A1VGuI=
honnef.co/go/tools v0.0.0-20180728063816-88497007e858/go.mod h1:rf3lG4BRIbNafJWhAfAdb/ePZxsR/4RtNHQocxwk9r4=
launchpad.net/gocheck v0.0.0-20140225173054-000000000087/go.mod h1:hj7XX3B/0A+80Vse0e+BUHsHMTEhd0O4cpUHr/e/BUM=
